<Solution>
  <Project Path="Clickhouse.Pure.Columns.Templates/Clickhouse.Pure.Columns.Templates.csproj" Type="Classic C#" />
  <Project Path="Clickhouse.Pure.Columns/Clickhouse.Pure.Columns.csproj" Type="Classic C#" />
  <Project Path="Clickhouse.Pure.SourceGenerator.Reader/Clickhouse.Pure.SourceGenerator.Reader.csproj" Type="Classic C#" />
  <Project Path="Clickhouse.Pure.Grpc.Tests/Clickhouse.Pure.Grpc.Tests.csproj" Type="Classic C#" />
  <Project Path="Clickhouse.Pure.Grpc/Clickhouse.Pure.Grpc.csproj" Type="Classic C#" />
  <Project Path="Clickhouse.Pure.Benchmark/Clickhouse.Pure.Benchmark.csproj" Type="Classic C#" />
</Solution>
